// !$*UTF8*$!
{
	archiveVersion = 1;
	classes = {
	};
	objectVersion = 46;
	objects = {

/* Begin PBXBuildFile section */
		6B62B4101D429E2C00211697 /* AppDelegate.swift in Sources */ = {isa = PBXBuildFile; fileRef = 6B62B40F1D429E2C00211697 /* AppDelegate.swift */; };
		6B62B4121D429E2C00211697 /* ViewController.swift in Sources */ = {isa = PBXBuildFile; fileRef = 6B62B4111D429E2C00211697 /* ViewController.swift */; };
		6B62B4151D429E2C00211697 /* Main.storyboard in Resources */ = {isa = PBXBuildFile; fileRef = 6B62B4131D429E2C00211697 /* Main.storyboard */; };
		6B62B4171D429E2C00211697 /* Assets.xcassets in Resources */ = {isa = PBXBuildFile; fileRef = 6B62B4161D429E2C00211697 /* Assets.xcassets */; };
		6B62B41A1D429E2C00211697 /* LaunchScreen.storyboard in Resources */ = {isa = PBXBuildFile; fileRef = 6B62B4181D429E2C00211697 /* LaunchScreen.storyboard */; };
		6B62B4251D429E2C00211697 /* FlairTestAppUITests.swift in Sources */ = {isa = PBXBuildFile; fileRef = 6B62B4241D429E2C00211697 /* FlairTestAppUITests.swift */; };
		6B62B4341D429F6600211697 /* Flair.framework in Frameworks */ = {isa = PBXBuildFile; fileRef = 6B62B4331D429F6600211697 /* Flair.framework */; };
		6B62B4351D429F6600211697 /* Flair.framework in Embed Frameworks */ = {isa = PBXBuildFile; fileRef = 6B62B4331D429F6600211697 /* Flair.framework */; settings = {ATTRIBUTES = (CodeSignOnCopy, RemoveHeadersOnCopy, ); }; };
/* End PBXBuildFile section */

/* Begin PBXContainerItemProxy section */
		6B62B4211D429E2C00211697 /* PBXContainerItemProxy */ = {
			isa = PBXContainerItemProxy;
			containerPortal = 6B62B4041D429E2C00211697 /* Project object */;
			proxyType = 1;
			remoteGlobalIDString = 6B62B40B1D429E2C00211697;
			remoteInfo = FlairTestApp;
		};
/* End PBXContainerItemProxy section */

/* Begin PBXCopyFilesBuildPhase section */
		6B62B4321D429E3E00211697 /* Embed Frameworks */ = {
			isa = PBXCopyFilesBuildPhase;
			buildActionMask = 2147483647;
			dstPath = "";
			dstSubfolderSpec = 10;
			files = (
				6B62B4351D429F6600211697 /* Flair.framework in Embed Frameworks */,
			);
			name = "Embed Frameworks";
			runOnlyForDeploymentPostprocessing = 0;
		};
/* End PBXCopyFilesBuildPhase section */

/* Begin PBXFileReference section */
		6B62B40C1D429E2C00211697 /* FlairTestApp.app */ = {isa = PBXFileReference; explicitFileType = wrapper.application; includeInIndex = 0; path = FlairTestApp.app; sourceTree = BUILT_PRODUCTS_DIR; };
		6B62B40F1D429E2C00211697 /* AppDelegate.swift */ = {isa = PBXFileReference; lastKnownFileType = sourcecode.swift; path = AppDelegate.swift; sourceTree = "<group>"; };
		6B62B4111D429E2C00211697 /* ViewController.swift */ = {isa = PBXFileReference; lastKnownFileType = sourcecode.swift; path = ViewController.swift; sourceTree = "<group>"; };
		6B62B4141D429E2C00211697 /* Base */ = {isa = PBXFileReference; lastKnownFileType = file.storyboard; name = Base; path = Base.lproj/Main.storyboard; sourceTree = "<group>"; };
		6B62B4161D429E2C00211697 /* Assets.xcassets */ = {isa = PBXFileReference; lastKnownFileType = folder.assetcatalog; path = Assets.xcassets; sourceTree = "<group>"; };
		6B62B4191D429E2C00211697 /* Base */ = {isa = PBXFileReference; lastKnownFileType = file.storyboard; name = Base; path = Base.lproj/LaunchScreen.storyboard; sourceTree = "<group>"; };
		6B62B41B1D429E2C00211697 /* Info.plist */ = {isa = PBXFileReference; lastKnownFileType = text.plist.xml; path = Info.plist; sourceTree = "<group>"; };
		6B62B4201D429E2C00211697 /* FlairTestAppUITests.xctest */ = {isa = PBXFileReference; explicitFileType = wrapper.cfbundle; includeInIndex = 0; path = FlairTestAppUITests.xctest; sourceTree = BUILT_PRODUCTS_DIR; };
		6B62B4241D429E2C00211697 /* FlairTestAppUITests.swift */ = {isa = PBXFileReference; lastKnownFileType = sourcecode.swift; path = FlairTestAppUITests.swift; sourceTree = "<group>"; };
		6B62B4261D429E2C00211697 /* Info.plist */ = {isa = PBXFileReference; lastKnownFileType = text.plist.xml; path = Info.plist; sourceTree = "<group>"; };
		6B62B4331D429F6600211697 /* Flair.framework */ = {isa = PBXFileReference; explicitFileType = wrapper.framework; name = Flair.framework; path = "/Users/amayers/Library/Developer/Xcode/DerivedData/Flair-gxbvgzeenocftvaxbnrbeoamgqao/Build/Products/Debug-iphonesimulator/Flair.framework"; sourceTree = "<absolute>"; };
/* End PBXFileReference section */

/* Begin PBXFrameworksBuildPhase section */
		6B62B4091D429E2C00211697 /* Frameworks */ = {
			isa = PBXFrameworksBuildPhase;
			buildActionMask = 2147483647;
			files = (
				6B62B4341D429F6600211697 /* Flair.framework in Frameworks */,
			);
			runOnlyForDeploymentPostprocessing = 0;
		};
		6B62B41D1D429E2C00211697 /* Frameworks */ = {
			isa = PBXFrameworksBuildPhase;
			buildActionMask = 2147483647;
			files = (
			);
			runOnlyForDeploymentPostprocessing = 0;
		};
/* End PBXFrameworksBuildPhase section */

/* Begin PBXGroup section */
		6B62B4031D429E2C00211697 = {
			isa = PBXGroup;
			children = (
				6B62B4331D429F6600211697 /* Flair.framework */,
				6B62B40E1D429E2C00211697 /* FlairTestApp */,
				6B62B4231D429E2C00211697 /* FlairTestAppUITests */,
				6B62B40D1D429E2C00211697 /* Products */,
			);
			sourceTree = "<group>";
		};
		6B62B40D1D429E2C00211697 /* Products */ = {
			isa = PBXGroup;
			children = (
				6B62B40C1D429E2C00211697 /* FlairTestApp.app */,
				6B62B4201D429E2C00211697 /* FlairTestAppUITests.xctest */,
			);
			name = Products;
			sourceTree = "<group>";
		};
		6B62B40E1D429E2C00211697 /* FlairTestApp */ = {
			isa = PBXGroup;
			children = (
				6B62B40F1D429E2C00211697 /* AppDelegate.swift */,
				6B62B4111D429E2C00211697 /* ViewController.swift */,
				6B62B4131D429E2C00211697 /* Main.storyboard */,
				6B62B4161D429E2C00211697 /* Assets.xcassets */,
				6B62B4181D429E2C00211697 /* LaunchScreen.storyboard */,
				6B62B41B1D429E2C00211697 /* Info.plist */,
			);
			path = FlairTestApp;
			sourceTree = "<group>";
		};
		6B62B4231D429E2C00211697 /* FlairTestAppUITests */ = {
			isa = PBXGroup;
			children = (
				6B62B4241D429E2C00211697 /* FlairTestAppUITests.swift */,
				6B62B4261D429E2C00211697 /* Info.plist */,
			);
			path = FlairTestAppUITests;
			sourceTree = "<group>";
		};
/* End PBXGroup section */

/* Begin PBXNativeTarget section */
		6B62B40B1D429E2C00211697 /* FlairTestApp */ = {
			isa = PBXNativeTarget;
			buildConfigurationList = 6B62B4291D429E2C00211697 /* Build configuration list for PBXNativeTarget "FlairTestApp" */;
			buildPhases = (
				6B62B4081D429E2C00211697 /* Sources */,
				6B62B4091D429E2C00211697 /* Frameworks */,
				6B62B40A1D429E2C00211697 /* Resources */,
				6B62B4321D429E3E00211697 /* Embed Frameworks */,
			);
			buildRules = (
			);
			dependencies = (
			);
			name = FlairTestApp;
			productName = FlairTestApp;
			productReference = 6B62B40C1D429E2C00211697 /* FlairTestApp.app */;
			productType = "com.apple.product-type.application";
		};
		6B62B41F1D429E2C00211697 /* FlairTestAppUITests */ = {
			isa = PBXNativeTarget;
			buildConfigurationList = 6B62B42C1D429E2C00211697 /* Build configuration list for PBXNativeTarget "FlairTestAppUITests" */;
			buildPhases = (
				6B62B41C1D429E2C00211697 /* Sources */,
				6B62B41D1D429E2C00211697 /* Frameworks */,
				6B62B41E1D429E2C00211697 /* Resources */,
			);
			buildRules = (
			);
			dependencies = (
				6B62B4221D429E2C00211697 /* PBXTargetDependency */,
			);
			name = FlairTestAppUITests;
			productName = FlairTestAppUITests;
			productReference = 6B62B4201D429E2C00211697 /* FlairTestAppUITests.xctest */;
			productType = "com.apple.product-type.bundle.ui-testing";
		};
/* End PBXNativeTarget section */

/* Begin PBXProject section */
		6B62B4041D429E2C00211697 /* Project object */ = {
			isa = PBXProject;
			attributes = {
				LastSwiftUpdateCheck = 0800;
				LastUpgradeCheck = 0800;
				ORGANIZATIONNAME = Mobelux;
				TargetAttributes = {
					6B62B40B1D429E2C00211697 = {
						CreatedOnToolsVersion = 8.0;
						ProvisioningStyle = Automatic;
					};
					6B62B41F1D429E2C00211697 = {
						CreatedOnToolsVersion = 8.0;
						ProvisioningStyle = Automatic;
						TestTargetID = 6B62B40B1D429E2C00211697;
					};
				};
			};
			buildConfigurationList = 6B62B4071D429E2C00211697 /* Build configuration list for PBXProject "FlairTestApp" */;
			compatibilityVersion = "Xcode 3.2";
			developmentRegion = English;
			hasScannedForEncodings = 0;
			knownRegions = (
				en,
				Base,
			);
			mainGroup = 6B62B4031D429E2C00211697;
			productRefGroup = 6B62B40D1D429E2C00211697 /* Products */;
			projectDirPath = "";
			projectRoot = "";
			targets = (
				6B62B40B1D429E2C00211697 /* FlairTestApp */,
				6B62B41F1D429E2C00211697 /* FlairTestAppUITests */,
			);
		};
/* End PBXProject section */

/* Begin PBXResourcesBuildPhase section */
		6B62B40A1D429E2C00211697 /* Resources */ = {
			isa = PBXResourcesBuildPhase;
			buildActionMask = 2147483647;
			files = (
				6B62B41A1D429E2C00211697 /* LaunchScreen.storyboard in Resources */,
				6B62B4171D429E2C00211697 /* Assets.xcassets in Resources */,
				6B62B4151D429E2C00211697 /* Main.storyboard in Resources */,
			);
			runOnlyForDeploymentPostprocessing = 0;
		};
		6B62B41E1D429E2C00211697 /* Resources */ = {
			isa = PBXResourcesBuildPhase;
			buildActionMask = 2147483647;
			files = (
			);
			runOnlyForDeploymentPostprocessing = 0;
		};
/* End PBXResourcesBuildPhase section */

/* Begin PBXSourcesBuildPhase section */
		6B62B4081D429E2C00211697 /* Sources */ = {
			isa = PBXSourcesBuildPhase;
			buildActionMask = 2147483647;
			files = (
				6B62B4121D429E2C00211697 /* ViewController.swift in Sources */,
				6B62B4101D429E2C00211697 /* AppDelegate.swift in Sources */,
			);
			runOnlyForDeploymentPostprocessing = 0;
		};
		6B62B41C1D429E2C00211697 /* Sources */ = {
			isa = PBXSourcesBuildPhase;
			buildActionMask = 2147483647;
			files = (
				6B62B4251D429E2C00211697 /* FlairTestAppUITests.swift in Sources */,
			);
			runOnlyForDeploymentPostprocessing = 0;
		};
/* End PBXSourcesBuildPhase section */

/* Begin PBXTargetDependency section */
		6B62B4221D429E2C00211697 /* PBXTargetDependency */ = {
			isa = PBXTargetDependency;
			target = 6B62B40B1D429E2C00211697 /* FlairTestApp */;
			targetProxy = 6B62B4211D429E2C00211697 /* PBXContainerItemProxy */;
		};
/* End PBXTargetDependency section */

/* Begin PBXVariantGroup section */
		6B62B4131D429E2C00211697 /* Main.storyboard */ = {
			isa = PBXVariantGroup;
			children = (
				6B62B4141D429E2C00211697 /* Base */,
			);
			name = Main.storyboard;
			sourceTree = "<group>";
		};
		6B62B4181D429E2C00211697 /* LaunchScreen.storyboard */ = {
			isa = PBXVariantGroup;
			children = (
				6B62B4191D429E2C00211697 /* Base */,
			);
			name = LaunchScreen.storyboard;
			sourceTree = "<group>";
		};
/* End PBXVariantGroup section */

/* Begin XCBuildConfiguration section */
		6B62B4271D429E2C00211697 /* Debug */ = {
			isa = XCBuildConfiguration;
			buildSettings = {
				ALWAYS_SEARCH_USER_PATHS = NO;
				CLANG_ANALYZER_NONNULL = YES;
				CLANG_CXX_LANGUAGE_STANDARD = "gnu++0x";
				CLANG_CXX_LIBRARY = "libc++";
				CLANG_ENABLE_MODULES = YES;
				CLANG_ENABLE_OBJC_ARC = YES;
				CLANG_WARN_BOOL_CONVERSION = YES;
				CLANG_WARN_CONSTANT_CONVERSION = YES;
				CLANG_WARN_DIRECT_OBJC_ISA_USAGE = YES_ERROR;
				CLANG_WARN_DOCUMENTATION_COMMENTS = YES;
				CLANG_WARN_EMPTY_BODY = YES;
				CLANG_WARN_ENUM_CONVERSION = YES;
				CLANG_WARN_INT_CONVERSION = YES;
				CLANG_WARN_OBJC_ROOT_CLASS = YES_ERROR;
				CLANG_WARN_UNREACHABLE_CODE = YES;
				CLANG_WARN__DUPLICATE_METHOD_MATCH = YES;
				"CODE_SIGN_IDENTITY[sdk=iphoneos*]" = "iPhone Developer";
				COPY_PHASE_STRIP = NO;
				DEBUG_INFORMATION_FORMAT = dwarf;
				ENABLE_STRICT_OBJC_MSGSEND = YES;
				ENABLE_TESTABILITY = YES;
				GCC_C_LANGUAGE_STANDARD = gnu99;
				GCC_DYNAMIC_NO_PIC = NO;
				GCC_NO_COMMON_BLOCKS = YES;
				GCC_OPTIMIZATION_LEVEL = 0;
				GCC_PREPROCESSOR_DEFINITIONS = (
					"DEBUG=1",
					"$(inherited)",
				);
				GCC_WARN_64_TO_32_BIT_CONVERSION = YES;
				GCC_WARN_ABOUT_RETURN_TYPE = YES_ERROR;
				GCC_WARN_UNDECLARED_SELECTOR = YES;
				GCC_WARN_UNINITIALIZED_AUTOS = YES_AGGRESSIVE;
				GCC_WARN_UNUSED_FUNCTION = YES;
				GCC_WARN_UNUSED_VARIABLE = YES;
				IPHONEOS_DEPLOYMENT_TARGET = 10.0;
				MTL_ENABLE_DEBUG_INFO = YES;
				ONLY_ACTIVE_ARCH = YES;
				SDKROOT = iphoneos;
				SWIFT_ACTIVE_COMPILATION_CONDITIONS = DEBUG;
				SWIFT_OPTIMIZATION_LEVEL = "-Onone";
			};
			name = Debug;
		};
		6B62B4281D429E2C00211697 /* Release */ = {
			isa = XCBuildConfiguration;
			buildSettings = {
				ALWAYS_SEARCH_USER_PATHS = NO;
				CLANG_ANALYZER_NONNULL = YES;
				CLANG_CXX_LANGUAGE_STANDARD = "gnu++0x";
				CLANG_CXX_LIBRARY = "libc++";
				CLANG_ENABLE_MODULES = YES;
				CLANG_ENABLE_OBJC_ARC = YES;
				CLANG_WARN_BOOL_CONVERSION = YES;
				CLANG_WARN_CONSTANT_CONVERSION = YES;
				CLANG_WARN_DIRECT_OBJC_ISA_USAGE = YES_ERROR;
				CLANG_WARN_DOCUMENTATION_COMMENTS = YES;
				CLANG_WARN_EMPTY_BODY = YES;
				CLANG_WARN_ENUM_CONVERSION = YES;
				CLANG_WARN_INT_CONVERSION = YES;
				CLANG_WARN_OBJC_ROOT_CLASS = YES_ERROR;
				CLANG_WARN_UNREACHABLE_CODE = YES;
				CLANG_WARN__DUPLICATE_METHOD_MATCH = YES;
				"CODE_SIGN_IDENTITY[sdk=iphoneos*]" = "iPhone Developer";
				COPY_PHASE_STRIP = NO;
				DEBUG_INFORMATION_FORMAT = "dwarf-with-dsym";
				ENABLE_NS_ASSERTIONS = NO;
				ENABLE_STRICT_OBJC_MSGSEND = YES;
				GCC_C_LANGUAGE_STANDARD = gnu99;
				GCC_NO_COMMON_BLOCKS = YES;
				GCC_WARN_64_TO_32_BIT_CONVERSION = YES;
				GCC_WARN_ABOUT_RETURN_TYPE = YES_ERROR;
				GCC_WARN_UNDECLARED_SELECTOR = YES;
				GCC_WARN_UNINITIALIZED_AUTOS = YES_AGGRESSIVE;
				GCC_WARN_UNUSED_FUNCTION = YES;
				GCC_WARN_UNUSED_VARIABLE = YES;
				IPHONEOS_DEPLOYMENT_TARGET = 10.0;
				MTL_ENABLE_DEBUG_INFO = NO;
				SDKROOT = iphoneos;
				SWIFT_OPTIMIZATION_LEVEL = "-Owholemodule";
				VALIDATE_PRODUCT = YES;
			};
			name = Release;
		};
		6B62B42A1D429E2C00211697 /* Debug */ = {
			isa = XCBuildConfiguration;
			buildSettings = {
				ASSETCATALOG_COMPILER_APPICON_NAME = AppIcon;
				INFOPLIST_FILE = FlairTestApp/Info.plist;
				LD_RUNPATH_SEARCH_PATHS = "$(inherited) @executable_path/Frameworks";
				PRODUCT_BUNDLE_IDENTIFIER = com.mobelux.FlairTestApp;
				PRODUCT_NAME = "$(TARGET_NAME)";
				SWIFT_VERSION = 3.0;
			};
			name = Debug;
		};
		6B62B42B1D429E2C00211697 /* Release */ = {
			isa = XCBuildConfiguration;
			buildSettings = {
				ASSETCATALOG_COMPILER_APPICON_NAME = AppIcon;
				INFOPLIST_FILE = FlairTestApp/Info.plist;
				LD_RUNPATH_SEARCH_PATHS = "$(inherited) @executable_path/Frameworks";
				PRODUCT_BUNDLE_IDENTIFIER = com.mobelux.FlairTestApp;
				PRODUCT_NAME = "$(TARGET_NAME)";
				SWIFT_VERSION = 3.0;
			};
			name = Release;
		};
		6B62B42D1D429E2C00211697 /* Debug */ = {
			isa = XCBuildConfiguration;
			buildSettings = {
				INFOPLIST_FILE = FlairTestAppUITests/Info.plist;
				LD_RUNPATH_SEARCH_PATHS = "$(inherited) @executable_path/Frameworks @loader_path/Frameworks";
				PRODUCT_BUNDLE_IDENTIFIER = com.mobelux.FlairTestAppUITests;
				PRODUCT_NAME = "$(TARGET_NAME)";
				SWIFT_VERSION = 3.0;
				TEST_TARGET_NAME = FlairTestApp;
			};
			name = Debug;
		};
		6B62B42E1D429E2C00211697 /* Release */ = {
			isa = XCBuildConfiguration;
			buildSettings = {
				INFOPLIST_FILE = FlairTestAppUITests/Info.plist;
				LD_RUNPATH_SEARCH_PATHS = "$(inherited) @executable_path/Frameworks @loader_path/Frameworks";
				PRODUCT_BUNDLE_IDENTIFIER = com.mobelux.FlairTestAppUITests;
				PRODUCT_NAME = "$(TARGET_NAME)";
				SWIFT_VERSION = 3.0;
				TEST_TARGET_NAME = FlairTestApp;
			};
			name = Release;
		};
/* End XCBuildConfiguration section */

/* Begin XCConfigurationList section */
		6B62B4071D429E2C00211697 /* Build configuration list for PBXProject "FlairTestApp" */ = {
			isa = XCConfigurationList;
			buildConfigurations = (
				6B62B4271D429E2C00211697 /* Debug */,
				6B62B4281D429E2C00211697 /* Release */,
			);
			defaultConfigurationIsVisible = 0;
			defaultConfigurationName = Release;
		};
		6B62B4291D429E2C00211697 /* Build configuration list for PBXNativeTarget "FlairTestApp" */ = {
			isa = XCConfigurationList;
			buildConfigurations = (
				6B62B42A1D429E2C00211697 /* Debug */,
				6B62B42B1D429E2C00211697 /* Release */,
			);
			defaultConfigurationIsVisible = 0;
		};
		6B62B42C1D429E2C00211697 /* Build configuration list for PBXNativeTarget "FlairTestAppUITests" */ = {
			isa = XCConfigurationList;
			buildConfigurations = (
				6B62B42D1D429E2C00211697 /* Debug */,
				6B62B42E1D429E2C00211697 /* Release */,
			);
			defaultConfigurationIsVisible = 0;
		};
/* End XCConfigurationList section */
	};
	rootObject = 6B62B4041D429E2C00211697 /* Project object */;
}
